
Microsoft Visual Studio Solution File, Format Version 12.00
# Visual Studio Version 16
VisualStudioVersion = 16.0.29911.84
MinimumVisualStudioVersion = 10.0.40219.1
Project("{9A19103F-16F7-4668-BE54-9A1E7A4F7556}") = "BlazorWebViewTutorial.Client", "BlazorWebViewTutorial.Client\BlazorWebViewTutorial.Client.csproj", "{DC4D2157-483B-454C-868F-8C755461DB4A}"
EndProject
Project("{9A19103F-16F7-4668-BE54-9A1E7A4F7556}") = "BlazorWebViewTutorial.Shared", "BlazorWebViewTutorial.Shared\BlazorWebViewTutorial.Shared.csproj", "{B73B160D-CC95-4E11-A01D-9AFB9AF4BFBA}"
EndProject
Project("{FAE04EC0-301F-11D3-BF4B-00C04F79EFBC}") = "BlazorWebViewTutorial.WpfApp", "BlazorWebViewTutorial.WpfApp\BlazorWebViewTutorial.WpfApp.csproj", "{2E7B9371-9029-4673-BDF9-582120465C91}"
EndProject
Global
	GlobalSection(SolutionConfigurationPlatforms) = preSolution
		Debug|Any CPU = Debug|Any CPU
		Release|Any CPU = Release|Any CPU
	EndGlobalSection
	GlobalSection(ProjectConfigurationPlatforms) = postSolution
		{DC4D2157-483B-454C-868F-8C755461DB4A}.Debug|Any CPU.ActiveCfg = Debug|Any CPU
		{DC4D2157-483B-454C-868F-8C755461DB4A}.Debug|Any CPU.Build.0 = Debug|Any CPU
		{DC4D2157-483B-454C-868F-8C755461DB4A}.Release|Any CPU.ActiveCfg = Release|Any CPU
		{DC4D2157-483B-454C-868F-8C755461DB4A}.Release|Any CPU.Build.0 = Release|Any CPU
		{B73B160D-CC95-4E11-A01D-9AFB9AF4BFBA}.Debug|Any CPU.ActiveCfg = Debug|Any CPU
		{B73B160D-CC95-4E11-A01D-9AFB9AF4BFBA}.Debug|Any CPU.Build.0 = Debug|Any CPU
		{B73B160D-CC95-4E11-A01D-9AFB9AF4BFBA}.Release|Any CPU.ActiveCfg = Release|Any CPU
		{B73B160D-CC95-4E11-A01D-9AFB9AF4BFBA}.Release|Any CPU.Build.0 = Release|Any CPU
		{2E7B9371-9029-4673-BDF9-582120465C91}.Debug|Any CPU.ActiveCfg = Debug|Any CPU
		{2E7B9371-9029-4673-BDF9-582120465C91}.Debug|Any CPU.Build.0 = Debug|Any CPU
		{2E7B9371-9029-4673-BDF9-582120465C91}.Release|Any CPU.ActiveCfg = Release|Any CPU
		{2E7B9371-9029-4673-BDF9-582120465C91}.Release|Any CPU.Build.0 = Release|Any CPU
	EndGlobalSection
	GlobalSection(SolutionProperties) = preSolution
		HideSolutionNode = FALSE
	EndGlobalSection
	GlobalSection(ExtensibilityGlobals) = postSolution
		SolutionGuid = {DA89877A-1624-43EE-9D2D-F400BEC53D23}
	EndGlobalSection
EndGlobal
